{
  "name": "json-to-go",
  "version": "1.0.0",
  "lockfileVersion": 2,
  "requires": true,
  "packages": {
    "": {
      "version": "1.0.0",
      "license": "MIT",
      "devDependencies": {
        "@types/node": "^15.12.4"
      }
    },
    "node_modules/@types/node": {
      "version": "15.12.4",
      "resolved": "https://registry.nlark.com/@types/node/download/@types/node-15.12.4.tgz",
      "integrity": "sha1-4c+BfXCh4RjoGSLE/2aDzp1CLiY=",
      "dev": true
    }
  },
  "dependencies": {
    "@types/node": {
      "version": "15.12.4",
      "resolved": "https://registry.nlark.com/@types/node/download/@types/node-15.12.4.tgz",
      "integrity": "sha1-4c+BfXCh4RjoGSLE/2aDzp1CLiY=",
      "dev": true
    }
  }
}
